{
  "version": 4,
  "terraform_version": "1.3.5",
  "serial": 90,
  "lineage": "70d7c8a0-1587-ae7b-8cc4-942d34836f79",
  "outputs": {
    "bastion_host_linuxvm_public_ip_address": {
      "value": "20.169.212.196",
      "type": "string"
    },
    "web_linuxvm_private_ip_address": {
      "value": "10.0.1.4",
      "type": "string"
    }
  },
  "resources": [
    {
      "mode": "managed",
      "type": "azurerm_linux_virtual_machine",
      "name": "bastion_host_linuxvm",
      "provider": "provider[\"registry.terraform.io/hashicorp/azurerm\"]",
      "instances": [
        {
          "schema_version": 0,
          "attributes": {
            "additional_capabilities": [],
            "admin_password": null,
            "admin_ssh_key": [
              {
                "public_key": "ssh-rsa AAAAB3NzaC1yc2EAAAADAQABAAABgQDPUKrWSIlB8XEkjdA83PIznQ2q1SD4UX2gxuZezRae12WS6jEy2ArdijSP2ZDgret28B/lRYUAcJ6KuqCctfY2dnM/OEl9+3xyqr1br606WtBesKXLqFQqcJspmr2OlJosk7ZT3BwK//BSf2mlkrijg0YeCoycEEZxgh3aZpvQfORN42PiUGx9CqNNEL+MgrmnYD8WmUAn73brYqsFjXzZMJW/5fxOH/SS6HpAw9dF6YYrZYgINq6LYyEgmvoNAGMVIGz9HI3lLAlsbc59ilvl1/y2tXvo/kbP2l1xiheiyqWejgqx5ALL7eLUtLCockPTvdYYFHBTbqKoR59Cn7X80yNIrZzY5hPmzm5TMS5lw0A6kVtO0NDHJa+iSaY7+xU2KnsTutPU5kxIW+zAwma5VL479gd7f4CQrJ6XFHxTFMOgGpJXWBOvJbvI0TMhlvnrzJlaPfX5QMenNLlBqwzzdsA6UvovQj2fJPs5MX2yaYXxcCUgdWiljvBHIWMBbbU= ll\\prasharm72@WKWZTNpHWXsaXYz\r\n",
                "username": "azureuser"
              }
            ],
            "admin_username": "azureuser",
            "allow_extension_operations": true,
            "availability_set_id": "",
            "boot_diagnostics": [],
            "capacity_reservation_group_id": "",
            "computer_name": "websubnet-bastion-linuxvm",
            "custom_data": null,
            "dedicated_host_group_id": "",
            "dedicated_host_id": "",
            "disable_password_authentication": true,
            "edge_zone": "",
            "encryption_at_host_enabled": false,
            "eviction_policy": "",
            "extensions_time_budget": "PT1H30M",
            "gallery_application": [],
            "id": "/subscriptions/ef0c35ea-c4de-4702-ab76-1ced2eaf81eb/resourceGroups/hr-dev-rg-default-apsvf/providers/Microsoft.Compute/virtualMachines/websubnet-bastion-linuxvm",
            "identity": [],
            "license_type": "",
            "location": "eastus",
            "max_bid_price": -1,
            "name": "websubnet-bastion-linuxvm",
            "network_interface_ids": [
              "/subscriptions/ef0c35ea-c4de-4702-ab76-1ced2eaf81eb/resourceGroups/hr-dev-rg-default-apsvf/providers/Microsoft.Network/networkInterfaces/websubnet-bastion-linuxvm-nic"
            ],
            "os_disk": [
              {
                "caching": "ReadWrite",
                "diff_disk_settings": [],
                "disk_encryption_set_id": "",
                "disk_size_gb": 64,
                "name": "websubnet-bastion-linuxvm_OsDisk_1_7d22aa0de677426a8060401066fa0df3",
                "secure_vm_disk_encryption_set_id": "",
                "security_encryption_type": "",
                "storage_account_type": "Standard_LRS",
                "write_accelerator_enabled": false
              }
            ],
            "patch_assessment_mode": "ImageDefault",
            "patch_mode": "ImageDefault",
            "plan": [],
            "platform_fault_domain": -1,
            "priority": "Regular",
            "private_ip_address": "10.0.1.5",
            "private_ip_addresses": [
              "10.0.1.5"
            ],
            "provision_vm_agent": true,
            "proximity_placement_group_id": "",
            "public_ip_address": "20.169.212.196",
            "public_ip_addresses": [
              "20.169.212.196"
            ],
            "resource_group_name": "hr-dev-rg-default-apsvf",
            "secret": [],
            "secure_boot_enabled": false,
            "size": "Standard_B1s",
            "source_image_id": "",
            "source_image_reference": [
              {
                "offer": "RHEL",
                "publisher": "RedHat",
                "sku": "83-gen2",
                "version": "latest"
              }
            ],
            "tags": {},
            "termination_notification": [],
            "timeouts": null,
            "user_data": "",
            "virtual_machine_id": "69341e42-e6a0-4d6e-921c-7bc7e8fb196a",
            "virtual_machine_scale_set_id": "",
            "vtpm_enabled": false,
            "zone": ""
          },
          "sensitive_attributes": [],
          "private": "eyJlMmJmYjczMC1lY2FhLTExZTYtOGY4OC0zNDM2M2JjN2M0YzAiOnsiY3JlYXRlIjoyNzAwMDAwMDAwMDAwLCJkZWxldGUiOjI3MDAwMDAwMDAwMDAsInJlYWQiOjMwMDAwMDAwMDAwMCwidXBkYXRlIjoyNzAwMDAwMDAwMDAwfX0=",
          "dependencies": [
            "azurerm_network_interface.bastion_linuxvm_nic",
            "azurerm_public_ip.bastion_host_public_ip",
            "azurerm_resource_group.rg",
            "azurerm_subnet.websubnet",
            "azurerm_virtual_network.vnet",
            "random_string.myrandom"
          ]
        }
      ]
    },
    {
      "mode": "managed",
      "type": "azurerm_linux_virtual_machine",
      "name": "example",
      "provider": "provider[\"registry.terraform.io/hashicorp/azurerm\"]",
      "instances": [
        {
          "schema_version": 0,
          "attributes": {
            "additional_capabilities": [],
            "admin_password": null,
            "admin_ssh_key": [
              {
                "public_key": "ssh-rsa AAAAB3NzaC1yc2EAAAADAQABAAABgQDPUKrWSIlB8XEkjdA83PIznQ2q1SD4UX2gxuZezRae12WS6jEy2ArdijSP2ZDgret28B/lRYUAcJ6KuqCctfY2dnM/OEl9+3xyqr1br606WtBesKXLqFQqcJspmr2OlJosk7ZT3BwK//BSf2mlkrijg0YeCoycEEZxgh3aZpvQfORN42PiUGx9CqNNEL+MgrmnYD8WmUAn73brYqsFjXzZMJW/5fxOH/SS6HpAw9dF6YYrZYgINq6LYyEgmvoNAGMVIGz9HI3lLAlsbc59ilvl1/y2tXvo/kbP2l1xiheiyqWejgqx5ALL7eLUtLCockPTvdYYFHBTbqKoR59Cn7X80yNIrZzY5hPmzm5TMS5lw0A6kVtO0NDHJa+iSaY7+xU2KnsTutPU5kxIW+zAwma5VL479gd7f4CQrJ6XFHxTFMOgGpJXWBOvJbvI0TMhlvnrzJlaPfX5QMenNLlBqwzzdsA6UvovQj2fJPs5MX2yaYXxcCUgdWiljvBHIWMBbbU= ll\\prasharm72@WKWZTNpHWXsaXYz\r\n",
                "username": "azureuser"
              }
            ],
            "admin_username": "azureuser",
            "allow_extension_operations": true,
            "availability_set_id": "",
            "boot_diagnostics": [],
            "capacity_reservation_group_id": "",
            "computer_name": "websubnet-web-linuxvm",
            "custom_data": "IyEvYmluL3NoDQojc3VkbyB5dW0gdXBkYXRlIC15DQpzdWRvIHl1bSBpbnN0YWxsIC15IGh0dHBkDQpzdWRvIHN5c3RlbWN0bCBlbmFibGUgaHR0cGQNCnN1ZG8gc3lzdGVtY3RsIHN0YXJ0IGh0dHBkICANCnN1ZG8gc3lzdGVtY3RsIHN0b3AgZmlyZXdhbGxkDQpzdWRvIHN5c3RlbWN0bCBkaXNhYmxlIGZpcmV3YWxsZA0Kc3VkbyBjaG1vZCAtUiA3NzcgL3Zhci93d3cvaHRtbCANCnN1ZG8gZWNobyAiV2VsY29tZSB0byBzYXBpZW50IC0gV2ViVk0gQXBwMSAtIFZNIEhvc3RuYW1lOiAkKGhvc3RuYW1lKSIgPiAvdmFyL3d3dy9odG1sL2luZGV4Lmh0bWwNCnN1ZG8gbWtkaXIgL3Zhci93d3cvaHRtbC9hcHAxDQpzdWRvIGVjaG8gIldlbGNvbWUgdG8gc2FwaWVudCAtIFdlYlZNIEFwcDEgLSBWTSBIb3N0bmFtZTogJChob3N0bmFtZSkiID4gL3Zhci93d3cvaHRtbC9hcHAxL2hvc3RuYW1lLmh0bWwNCnN1ZG8gZWNobyAiV2VsY29tZSB0byBzYXBpZW50IC0gV2ViVk0gQXBwMSAtIEFwcCBTdGF0dXMgUGFnZSIgPiAvdmFyL3d3dy9odG1sL2FwcDEvc3RhdHVzLmh0bWwNCnN1ZG8gZWNobyAnPCFET0NUWVBFIGh0bWw+IDxodG1sPiA8Ym9keSBzdHlsZT0iYmFja2dyb3VuZC1jb2xvcjpyZ2IoMjUwLCAyMTAsIDIxMCk7Ij4gPGgxPldlbGNvbWUgdG8gc2FwaWVudCAtIFdlYlZNIEFQUC0xIDwvaDE+IDxwPlRlcnJhZm9ybSBEZW1vPC9wPiA8cD5BcHBsaWNhdGlvbiBWZXJzaW9uOiBWMTwvcD4gPC9ib2R5PjwvaHRtbD4nIHwgc3VkbyB0ZWUgL3Zhci93d3cvaHRtbC9hcHAxL2luZGV4Lmh0bWwNCnN1ZG8gY3VybCAtSCAiTWV0YWRhdGE6dHJ1ZSIgLS1ub3Byb3h5ICIqIiAiaHR0cDovLzE2OS4yNTQuMTY5LjI1NC9tZXRhZGF0YS9pbnN0YW5jZT9hcGktdmVyc2lvbj0yMDIwLTA5LTAxIiAtbyAvdmFyL3d3dy9odG1sL2FwcDEvbWV0YWRhdGEuaHRtbA0K",
            "dedicated_host_group_id": "",
            "dedicated_host_id": "",
            "disable_password_authentication": true,
            "edge_zone": "",
            "encryption_at_host_enabled": false,
            "eviction_policy": "",
            "extensions_time_budget": "PT1H30M",
            "gallery_application": [],
            "id": "/subscriptions/ef0c35ea-c4de-4702-ab76-1ced2eaf81eb/resourceGroups/hr-dev-rg-default-apsvf/providers/Microsoft.Compute/virtualMachines/websubnet-web-linuxvm",
            "identity": [],
            "license_type": "",
            "location": "eastus",
            "max_bid_price": -1,
            "name": "websubnet-web-linuxvm",
            "network_interface_ids": [
              "/subscriptions/ef0c35ea-c4de-4702-ab76-1ced2eaf81eb/resourceGroups/hr-dev-rg-default-apsvf/providers/Microsoft.Network/networkInterfaces/websubnet-web-linuxvm-nic"
            ],
            "os_disk": [
              {
                "caching": "ReadWrite",
                "diff_disk_settings": [],
                "disk_encryption_set_id": "",
                "disk_size_gb": 64,
                "name": "websubnet-web-linuxvm_OsDisk_1_f65047ea1c544f918411857d5ecc3dda",
                "secure_vm_disk_encryption_set_id": "",
                "security_encryption_type": "",
                "storage_account_type": "Standard_LRS",
                "write_accelerator_enabled": false
              }
            ],
            "patch_assessment_mode": "ImageDefault",
            "patch_mode": "ImageDefault",
            "plan": [],
            "platform_fault_domain": -1,
            "priority": "Regular",
            "private_ip_address": "10.0.1.4",
            "private_ip_addresses": [
              "10.0.1.4"
            ],
            "provision_vm_agent": true,
            "proximity_placement_group_id": "",
            "public_ip_address": "20.169.213.0",
            "public_ip_addresses": [
              "20.169.213.0"
            ],
            "resource_group_name": "hr-dev-rg-default-apsvf",
            "secret": [],
            "secure_boot_enabled": false,
            "size": "Standard_DS1_v2",
            "source_image_id": "",
            "source_image_reference": [
              {
                "offer": "RHEL",
                "publisher": "RedHat",
                "sku": "83-gen2",
                "version": "latest"
              }
            ],
            "tags": {},
            "termination_notification": [],
            "timeouts": null,
            "user_data": "",
            "virtual_machine_id": "e33f46b8-aad8-4d99-b603-5a742b74131c",
            "virtual_machine_scale_set_id": "",
            "vtpm_enabled": false,
            "zone": ""
          },
          "sensitive_attributes": [],
          "private": "eyJlMmJmYjczMC1lY2FhLTExZTYtOGY4OC0zNDM2M2JjN2M0YzAiOnsiY3JlYXRlIjoyNzAwMDAwMDAwMDAwLCJkZWxldGUiOjI3MDAwMDAwMDAwMDAsInJlYWQiOjMwMDAwMDAwMDAwMCwidXBkYXRlIjoyNzAwMDAwMDAwMDAwfX0=",
          "dependencies": [
            "azurerm_network_interface.web_linuxvm_nic",
            "azurerm_public_ip.example",
            "azurerm_resource_group.rg",
            "azurerm_subnet.websubnet",
            "azurerm_virtual_network.vnet",
            "random_string.myrandom"
          ]
        }
      ]
    },
    {
      "mode": "managed",
      "type": "azurerm_network_interface",
      "name": "bastion_linuxvm_nic",
      "provider": "provider[\"registry.terraform.io/hashicorp/azurerm\"]",
      "instances": [
        {
          "schema_version": 0,
          "attributes": {
            "applied_dns_servers": [],
            "dns_servers": [],
            "edge_zone": "",
            "enable_accelerated_networking": false,
            "enable_ip_forwarding": false,
            "id": "/subscriptions/ef0c35ea-c4de-4702-ab76-1ced2eaf81eb/resourceGroups/hr-dev-rg-default-apsvf/providers/Microsoft.Network/networkInterfaces/websubnet-bastion-linuxvm-nic",
            "internal_dns_name_label": "",
            "internal_domain_name_suffix": "eevblaatusbedkyixsptoz3csh.bx.internal.cloudapp.net",
            "ip_configuration": [
              {
                "gateway_load_balancer_frontend_ip_configuration_id": "",
                "name": "internal",
                "primary": true,
                "private_ip_address": "10.0.1.5",
                "private_ip_address_allocation": "Dynamic",
                "private_ip_address_version": "IPv4",
                "public_ip_address_id": "/subscriptions/ef0c35ea-c4de-4702-ab76-1ced2eaf81eb/resourceGroups/hr-dev-rg-default-apsvf/providers/Microsoft.Network/publicIPAddresses/websubnet-bastion-publicip",
                "subnet_id": "/subscriptions/ef0c35ea-c4de-4702-ab76-1ced2eaf81eb/resourceGroups/hr-dev-rg-default-apsvf/providers/Microsoft.Network/virtualNetworks/hr-dev-vnet-default/subnets/hr-dev-websubnet"
              }
            ],
            "location": "eastus",
            "mac_address": "00-22-48-2D-61-B0",
            "name": "websubnet-bastion-linuxvm-nic",
            "private_ip_address": "10.0.1.5",
            "private_ip_addresses": [
              "10.0.1.5"
            ],
            "resource_group_name": "hr-dev-rg-default-apsvf",
            "tags": {},
            "timeouts": null,
            "virtual_machine_id": "/subscriptions/ef0c35ea-c4de-4702-ab76-1ced2eaf81eb/resourceGroups/hr-dev-rg-default-apsvf/providers/Microsoft.Compute/virtualMachines/websubnet-bastion-linuxvm"
          },
          "sensitive_attributes": [],
          "private": "eyJlMmJmYjczMC1lY2FhLTExZTYtOGY4OC0zNDM2M2JjN2M0YzAiOnsiY3JlYXRlIjoxODAwMDAwMDAwMDAwLCJkZWxldGUiOjE4MDAwMDAwMDAwMDAsInJlYWQiOjMwMDAwMDAwMDAwMCwidXBkYXRlIjoxODAwMDAwMDAwMDAwfX0=",
          "dependencies": [
            "azurerm_public_ip.bastion_host_public_ip",
            "azurerm_resource_group.rg",
            "azurerm_subnet.websubnet",
            "azurerm_virtual_network.vnet",
            "random_string.myrandom"
          ]
        }
      ]
    },
    {
      "mode": "managed",
      "type": "azurerm_network_interface",
      "name": "web_linuxvm_nic",
      "provider": "provider[\"registry.terraform.io/hashicorp/azurerm\"]",
      "instances": [
        {
          "schema_version": 0,
          "attributes": {
            "applied_dns_servers": [],
            "dns_servers": [],
            "edge_zone": "",
            "enable_accelerated_networking": false,
            "enable_ip_forwarding": false,
            "id": "/subscriptions/ef0c35ea-c4de-4702-ab76-1ced2eaf81eb/resourceGroups/hr-dev-rg-default-apsvf/providers/Microsoft.Network/networkInterfaces/websubnet-web-linuxvm-nic",
            "internal_dns_name_label": "",
            "internal_domain_name_suffix": "eevblaatusbedkyixsptoz3csh.bx.internal.cloudapp.net",
            "ip_configuration": [
              {
                "gateway_load_balancer_frontend_ip_configuration_id": "",
                "name": "internal",
                "primary": true,
                "private_ip_address": "10.0.1.4",
                "private_ip_address_allocation": "Dynamic",
                "private_ip_address_version": "IPv4",
                "public_ip_address_id": "/subscriptions/ef0c35ea-c4de-4702-ab76-1ced2eaf81eb/resourceGroups/hr-dev-rg-default-apsvf/providers/Microsoft.Network/publicIPAddresses/websubnet-web-linuxvm-publicip",
                "subnet_id": "/subscriptions/ef0c35ea-c4de-4702-ab76-1ced2eaf81eb/resourceGroups/hr-dev-rg-default-apsvf/providers/Microsoft.Network/virtualNetworks/hr-dev-vnet-default/subnets/hr-dev-websubnet"
              }
            ],
            "location": "eastus",
            "mac_address": "00-22-48-25-B4-2D",
            "name": "websubnet-web-linuxvm-nic",
            "private_ip_address": "10.0.1.4",
            "private_ip_addresses": [
              "10.0.1.4"
            ],
            "resource_group_name": "hr-dev-rg-default-apsvf",
            "tags": {},
            "timeouts": null,
            "virtual_machine_id": "/subscriptions/ef0c35ea-c4de-4702-ab76-1ced2eaf81eb/resourceGroups/hr-dev-rg-default-apsvf/providers/Microsoft.Compute/virtualMachines/websubnet-web-linuxvm"
          },
          "sensitive_attributes": [],
          "private": "eyJlMmJmYjczMC1lY2FhLTExZTYtOGY4OC0zNDM2M2JjN2M0YzAiOnsiY3JlYXRlIjoxODAwMDAwMDAwMDAwLCJkZWxldGUiOjE4MDAwMDAwMDAwMDAsInJlYWQiOjMwMDAwMDAwMDAwMCwidXBkYXRlIjoxODAwMDAwMDAwMDAwfX0=",
          "dependencies": [
            "azurerm_public_ip.example",
            "azurerm_resource_group.rg",
            "azurerm_subnet.websubnet",
            "azurerm_virtual_network.vnet",
            "random_string.myrandom"
          ]
        }
      ]
    },
    {
      "mode": "managed",
      "type": "azurerm_network_security_group",
      "name": "bastion_subnet_nsg",
      "provider": "provider[\"registry.terraform.io/hashicorp/azurerm\"]",
      "instances": [
        {
          "schema_version": 0,
          "attributes": {
            "id": "/subscriptions/ef0c35ea-c4de-4702-ab76-1ced2eaf81eb/resourceGroups/hr-dev-rg-default-apsvf/providers/Microsoft.Network/networkSecurityGroups/bastionsubnet-nsg",
            "location": "eastus",
            "name": "bastionsubnet-nsg",
            "resource_group_name": "hr-dev-rg-default-apsvf",
            "security_rule": [
              {
                "access": "Allow",
                "description": "",
                "destination_address_prefix": "*",
                "destination_address_prefixes": [],
                "destination_application_security_group_ids": [],
                "destination_port_range": "22",
                "destination_port_ranges": [],
                "direction": "Inbound",
                "name": "Rule-Port-22",
                "priority": 110,
                "protocol": "Tcp",
                "source_address_prefix": "182.68.162.210",
                "source_address_prefixes": [],
                "source_application_security_group_ids": [],
                "source_port_range": "*",
                "source_port_ranges": []
              },
              {
                "access": "Allow",
                "description": "",
                "destination_address_prefix": "*",
                "destination_address_prefixes": [],
                "destination_application_security_group_ids": [],
                "destination_port_range": "3389",
                "destination_port_ranges": [],
                "direction": "Inbound",
                "name": "Rule-Port-3389",
                "priority": 120,
                "protocol": "Tcp",
                "source_address_prefix": "182.68.162.210",
                "source_address_prefixes": [],
                "source_application_security_group_ids": [],
                "source_port_range": "*",
                "source_port_ranges": []
              }
            ],
            "tags": {},
            "timeouts": null
          },
          "sensitive_attributes": [],
          "private": "eyJlMmJmYjczMC1lY2FhLTExZTYtOGY4OC0zNDM2M2JjN2M0YzAiOnsiY3JlYXRlIjoxODAwMDAwMDAwMDAwLCJkZWxldGUiOjE4MDAwMDAwMDAwMDAsInJlYWQiOjMwMDAwMDAwMDAwMCwidXBkYXRlIjoxODAwMDAwMDAwMDAwfX0=",
          "dependencies": [
            "azurerm_resource_group.rg",
            "random_string.myrandom"
          ]
        }
      ]
    },
    {
      "mode": "managed",
      "type": "azurerm_network_security_group",
      "name": "web_subnet_nsg",
      "provider": "provider[\"registry.terraform.io/hashicorp/azurerm\"]",
      "instances": [
        {
          "schema_version": 0,
          "attributes": {
            "id": "/subscriptions/ef0c35ea-c4de-4702-ab76-1ced2eaf81eb/resourceGroups/hr-dev-rg-default-apsvf/providers/Microsoft.Network/networkSecurityGroups/websubnet-nsg",
            "location": "eastus",
            "name": "websubnet-nsg",
            "resource_group_name": "hr-dev-rg-default-apsvf",
            "security_rule": [
              {
                "access": "Allow",
                "description": "",
                "destination_address_prefix": "*",
                "destination_address_prefixes": [],
                "destination_application_security_group_ids": [],
                "destination_port_range": "22",
                "destination_port_ranges": [],
                "direction": "Inbound",
                "name": "AllowMyIpAddressSSHInbound",
                "priority": 140,
                "protocol": "Tcp",
                "source_address_prefix": "182.68.162.210",
                "source_address_prefixes": [],
                "source_application_security_group_ids": [],
                "source_port_range": "*",
                "source_port_ranges": []
              },
              {
                "access": "Allow",
                "description": "",
                "destination_address_prefix": "*",
                "destination_address_prefixes": [],
                "destination_application_security_group_ids": [],
                "destination_port_range": "2222",
                "destination_port_ranges": [],
                "direction": "Inbound",
                "name": "Rule-Port-2222",
                "priority": 130,
                "protocol": "Tcp",
                "source_address_prefix": "*",
                "source_address_prefixes": [],
                "source_application_security_group_ids": [],
                "source_port_range": "*",
                "source_port_ranges": []
              },
              {
                "access": "Allow",
                "description": "",
                "destination_address_prefix": "*",
                "destination_address_prefixes": [],
                "destination_application_security_group_ids": [],
                "destination_port_range": "443",
                "destination_port_ranges": [],
                "direction": "Inbound",
                "name": "Rule-Port-443",
                "priority": 120,
                "protocol": "Tcp",
                "source_address_prefix": "*",
                "source_address_prefixes": [],
                "source_application_security_group_ids": [],
                "source_port_range": "*",
                "source_port_ranges": []
              },
              {
                "access": "Allow",
                "description": "",
                "destination_address_prefix": "*",
                "destination_address_prefixes": [],
                "destination_application_security_group_ids": [],
                "destination_port_range": "80",
                "destination_port_ranges": [],
                "direction": "Inbound",
                "name": "Rule-Port-80",
                "priority": 110,
                "protocol": "Tcp",
                "source_address_prefix": "*",
                "source_address_prefixes": [],
                "source_application_security_group_ids": [],
                "source_port_range": "*",
                "source_port_ranges": []
              }
            ],
            "tags": {},
            "timeouts": null
          },
          "sensitive_attributes": [],
          "private": "eyJlMmJmYjczMC1lY2FhLTExZTYtOGY4OC0zNDM2M2JjN2M0YzAiOnsiY3JlYXRlIjoxODAwMDAwMDAwMDAwLCJkZWxldGUiOjE4MDAwMDAwMDAwMDAsInJlYWQiOjMwMDAwMDAwMDAwMCwidXBkYXRlIjoxODAwMDAwMDAwMDAwfX0=",
          "dependencies": [
            "azurerm_resource_group.rg",
            "random_string.myrandom"
          ]
        }
      ]
    },
    {
      "mode": "managed",
      "type": "azurerm_network_security_rule",
      "name": "bastion_nsg_rule_inbound",
      "provider": "provider[\"registry.terraform.io/hashicorp/azurerm\"]",
      "instances": [
        {
          "index_key": "110",
          "schema_version": 0,
          "attributes": {
            "access": "Allow",
            "description": "",
            "destination_address_prefix": "*",
            "destination_address_prefixes": [],
            "destination_application_security_group_ids": [],
            "destination_port_range": "22",
            "destination_port_ranges": [],
            "direction": "Inbound",
            "id": "/subscriptions/ef0c35ea-c4de-4702-ab76-1ced2eaf81eb/resourceGroups/hr-dev-rg-default-apsvf/providers/Microsoft.Network/networkSecurityGroups/bastionsubnet-nsg/securityRules/Rule-Port-22",
            "name": "Rule-Port-22",
            "network_security_group_name": "bastionsubnet-nsg",
            "priority": 110,
            "protocol": "Tcp",
            "resource_group_name": "hr-dev-rg-default-apsvf",
            "source_address_prefix": "182.68.162.210",
            "source_address_prefixes": [],
            "source_application_security_group_ids": [],
            "source_port_range": "*",
            "source_port_ranges": [],
            "timeouts": null
          },
          "sensitive_attributes": [],
          "private": "eyJlMmJmYjczMC1lY2FhLTExZTYtOGY4OC0zNDM2M2JjN2M0YzAiOnsiY3JlYXRlIjoxODAwMDAwMDAwMDAwLCJkZWxldGUiOjE4MDAwMDAwMDAwMDAsInJlYWQiOjMwMDAwMDAwMDAwMCwidXBkYXRlIjoxODAwMDAwMDAwMDAwfX0=",
          "dependencies": [
            "azurerm_network_security_group.bastion_subnet_nsg",
            "azurerm_resource_group.rg",
            "random_string.myrandom"
          ]
        },
        {
          "index_key": "120",
          "schema_version": 0,
          "attributes": {
            "access": "Allow",
            "description": "",
            "destination_address_prefix": "*",
            "destination_address_prefixes": [],
            "destination_application_security_group_ids": [],
            "destination_port_range": "3389",
            "destination_port_ranges": [],
            "direction": "Inbound",
            "id": "/subscriptions/ef0c35ea-c4de-4702-ab76-1ced2eaf81eb/resourceGroups/hr-dev-rg-default-apsvf/providers/Microsoft.Network/networkSecurityGroups/bastionsubnet-nsg/securityRules/Rule-Port-3389",
            "name": "Rule-Port-3389",
            "network_security_group_name": "bastionsubnet-nsg",
            "priority": 120,
            "protocol": "Tcp",
            "resource_group_name": "hr-dev-rg-default-apsvf",
            "source_address_prefix": "182.68.162.210",
            "source_address_prefixes": [],
            "source_application_security_group_ids": [],
            "source_port_range": "*",
            "source_port_ranges": [],
            "timeouts": null
          },
          "sensitive_attributes": [],
          "private": "eyJlMmJmYjczMC1lY2FhLTExZTYtOGY4OC0zNDM2M2JjN2M0YzAiOnsiY3JlYXRlIjoxODAwMDAwMDAwMDAwLCJkZWxldGUiOjE4MDAwMDAwMDAwMDAsInJlYWQiOjMwMDAwMDAwMDAwMCwidXBkYXRlIjoxODAwMDAwMDAwMDAwfX0=",
          "dependencies": [
            "azurerm_network_security_group.bastion_subnet_nsg",
            "azurerm_resource_group.rg",
            "random_string.myrandom"
          ]
        }
      ]
    },
    {
      "mode": "managed",
      "type": "azurerm_network_security_rule",
      "name": "web_nsg_rule_inbound",
      "provider": "provider[\"registry.terraform.io/hashicorp/azurerm\"]",
      "instances": [
        {
          "index_key": "110",
          "schema_version": 0,
          "attributes": {
            "access": "Allow",
            "description": "",
            "destination_address_prefix": "*",
            "destination_address_prefixes": [],
            "destination_application_security_group_ids": [],
            "destination_port_range": "80",
            "destination_port_ranges": [],
            "direction": "Inbound",
            "id": "/subscriptions/ef0c35ea-c4de-4702-ab76-1ced2eaf81eb/resourceGroups/hr-dev-rg-default-apsvf/providers/Microsoft.Network/networkSecurityGroups/websubnet-nsg/securityRules/Rule-Port-80",
            "name": "Rule-Port-80",
            "network_security_group_name": "websubnet-nsg",
            "priority": 110,
            "protocol": "Tcp",
            "resource_group_name": "hr-dev-rg-default-apsvf",
            "source_address_prefix": "*",
            "source_address_prefixes": [],
            "source_application_security_group_ids": [],
            "source_port_range": "*",
            "source_port_ranges": [],
            "timeouts": null
          },
          "sensitive_attributes": [],
          "private": "eyJlMmJmYjczMC1lY2FhLTExZTYtOGY4OC0zNDM2M2JjN2M0YzAiOnsiY3JlYXRlIjoxODAwMDAwMDAwMDAwLCJkZWxldGUiOjE4MDAwMDAwMDAwMDAsInJlYWQiOjMwMDAwMDAwMDAwMCwidXBkYXRlIjoxODAwMDAwMDAwMDAwfX0=",
          "dependencies": [
            "azurerm_network_security_group.web_subnet_nsg",
            "azurerm_resource_group.rg",
            "random_string.myrandom"
          ]
        },
        {
          "index_key": "120",
          "schema_version": 0,
          "attributes": {
            "access": "Allow",
            "description": "",
            "destination_address_prefix": "*",
            "destination_address_prefixes": [],
            "destination_application_security_group_ids": [],
            "destination_port_range": "443",
            "destination_port_ranges": [],
            "direction": "Inbound",
            "id": "/subscriptions/ef0c35ea-c4de-4702-ab76-1ced2eaf81eb/resourceGroups/hr-dev-rg-default-apsvf/providers/Microsoft.Network/networkSecurityGroups/websubnet-nsg/securityRules/Rule-Port-443",
            "name": "Rule-Port-443",
            "network_security_group_name": "websubnet-nsg",
            "priority": 120,
            "protocol": "Tcp",
            "resource_group_name": "hr-dev-rg-default-apsvf",
            "source_address_prefix": "*",
            "source_address_prefixes": [],
            "source_application_security_group_ids": [],
            "source_port_range": "*",
            "source_port_ranges": [],
            "timeouts": null
          },
          "sensitive_attributes": [],
          "private": "eyJlMmJmYjczMC1lY2FhLTExZTYtOGY4OC0zNDM2M2JjN2M0YzAiOnsiY3JlYXRlIjoxODAwMDAwMDAwMDAwLCJkZWxldGUiOjE4MDAwMDAwMDAwMDAsInJlYWQiOjMwMDAwMDAwMDAwMCwidXBkYXRlIjoxODAwMDAwMDAwMDAwfX0=",
          "dependencies": [
            "azurerm_network_security_group.web_subnet_nsg",
            "azurerm_resource_group.rg",
            "random_string.myrandom"
          ]
        },
        {
          "index_key": "130",
          "schema_version": 0,
          "attributes": {
            "access": "Allow",
            "description": "",
            "destination_address_prefix": "*",
            "destination_address_prefixes": [],
            "destination_application_security_group_ids": [],
            "destination_port_range": "2222",
            "destination_port_ranges": [],
            "direction": "Inbound",
            "id": "/subscriptions/ef0c35ea-c4de-4702-ab76-1ced2eaf81eb/resourceGroups/hr-dev-rg-default-apsvf/providers/Microsoft.Network/networkSecurityGroups/websubnet-nsg/securityRules/Rule-Port-2222",
            "name": "Rule-Port-2222",
            "network_security_group_name": "websubnet-nsg",
            "priority": 130,
            "protocol": "Tcp",
            "resource_group_name": "hr-dev-rg-default-apsvf",
            "source_address_prefix": "*",
            "source_address_prefixes": [],
            "source_application_security_group_ids": [],
            "source_port_range": "*",
            "source_port_ranges": [],
            "timeouts": null
          },
          "sensitive_attributes": [],
          "private": "eyJlMmJmYjczMC1lY2FhLTExZTYtOGY4OC0zNDM2M2JjN2M0YzAiOnsiY3JlYXRlIjoxODAwMDAwMDAwMDAwLCJkZWxldGUiOjE4MDAwMDAwMDAwMDAsInJlYWQiOjMwMDAwMDAwMDAwMCwidXBkYXRlIjoxODAwMDAwMDAwMDAwfX0=",
          "dependencies": [
            "azurerm_network_security_group.web_subnet_nsg",
            "azurerm_resource_group.rg",
            "random_string.myrandom"
          ]
        }
      ]
    },
    {
      "mode": "managed",
      "type": "azurerm_public_ip",
      "name": "bastion_host_public_ip",
      "provider": "provider[\"registry.terraform.io/hashicorp/azurerm\"]",
      "instances": [
        {
          "schema_version": 0,
          "attributes": {
            "allocation_method": "Static",
            "ddos_protection_mode": "VirtualNetworkInherited",
            "ddos_protection_plan_id": null,
            "domain_name_label": null,
            "edge_zone": "",
            "fqdn": null,
            "id": "/subscriptions/ef0c35ea-c4de-4702-ab76-1ced2eaf81eb/resourceGroups/hr-dev-rg-default-apsvf/providers/Microsoft.Network/publicIPAddresses/websubnet-bastion-publicip",
            "idle_timeout_in_minutes": 4,
            "ip_address": "20.169.212.196",
            "ip_tags": {},
            "ip_version": "IPv4",
            "location": "eastus",
            "name": "websubnet-bastion-publicip",
            "public_ip_prefix_id": null,
            "resource_group_name": "hr-dev-rg-default-apsvf",
            "reverse_fqdn": null,
            "sku": "Standard",
            "sku_tier": "Regional",
            "tags": {},
            "timeouts": null,
            "zones": []
          },
          "sensitive_attributes": [],
          "private": "eyJlMmJmYjczMC1lY2FhLTExZTYtOGY4OC0zNDM2M2JjN2M0YzAiOnsiY3JlYXRlIjoxODAwMDAwMDAwMDAwLCJkZWxldGUiOjE4MDAwMDAwMDAwMDAsInJlYWQiOjMwMDAwMDAwMDAwMCwidXBkYXRlIjoxODAwMDAwMDAwMDAwfX0=",
          "dependencies": [
            "azurerm_resource_group.rg",
            "random_string.myrandom"
          ]
        }
      ]
    },
    {
      "mode": "managed",
      "type": "azurerm_public_ip",
      "name": "example",
      "provider": "provider[\"registry.terraform.io/hashicorp/azurerm\"]",
      "instances": [
        {
          "schema_version": 0,
          "attributes": {
            "allocation_method": "Static",
            "ddos_protection_mode": "VirtualNetworkInherited",
            "ddos_protection_plan_id": null,
            "domain_name_label": "app1-vm-apsvf",
            "edge_zone": "",
            "fqdn": "app1-vm-apsvf.eastus.cloudapp.azure.com",
            "id": "/subscriptions/ef0c35ea-c4de-4702-ab76-1ced2eaf81eb/resourceGroups/hr-dev-rg-default-apsvf/providers/Microsoft.Network/publicIPAddresses/websubnet-web-linuxvm-publicip",
            "idle_timeout_in_minutes": 4,
            "ip_address": "20.169.213.0",
            "ip_tags": {},
            "ip_version": "IPv4",
            "location": "eastus",
            "name": "websubnet-web-linuxvm-publicip",
            "public_ip_prefix_id": null,
            "resource_group_name": "hr-dev-rg-default-apsvf",
            "reverse_fqdn": "",
            "sku": "Standard",
            "sku_tier": "Regional",
            "tags": {},
            "timeouts": null,
            "zones": []
          },
          "sensitive_attributes": [],
          "private": "eyJlMmJmYjczMC1lY2FhLTExZTYtOGY4OC0zNDM2M2JjN2M0YzAiOnsiY3JlYXRlIjoxODAwMDAwMDAwMDAwLCJkZWxldGUiOjE4MDAwMDAwMDAwMDAsInJlYWQiOjMwMDAwMDAwMDAwMCwidXBkYXRlIjoxODAwMDAwMDAwMDAwfX0=",
          "dependencies": [
            "azurerm_resource_group.rg",
            "random_string.myrandom"
          ]
        }
      ]
    },
    {
      "mode": "managed",
      "type": "azurerm_resource_group",
      "name": "rg",
      "provider": "provider[\"registry.terraform.io/hashicorp/azurerm\"]",
      "instances": [
        {
          "schema_version": 0,
          "attributes": {
            "id": "/subscriptions/ef0c35ea-c4de-4702-ab76-1ced2eaf81eb/resourceGroups/hr-dev-rg-default-apsvf",
            "location": "eastus",
            "name": "hr-dev-rg-default-apsvf",
            "tags": {
              "environment": "dev",
              "owners": "hr"
            },
            "timeouts": null
          },
          "sensitive_attributes": [],
          "private": "eyJlMmJmYjczMC1lY2FhLTExZTYtOGY4OC0zNDM2M2JjN2M0YzAiOnsiY3JlYXRlIjo1NDAwMDAwMDAwMDAwLCJkZWxldGUiOjU0MDAwMDAwMDAwMDAsInJlYWQiOjMwMDAwMDAwMDAwMCwidXBkYXRlIjo1NDAwMDAwMDAwMDAwfX0=",
          "dependencies": [
            "random_string.myrandom"
          ]
        }
      ]
    },
    {
      "mode": "managed",
      "type": "azurerm_subnet",
      "name": "bastionsubnet",
      "provider": "provider[\"registry.terraform.io/hashicorp/azurerm\"]",
      "instances": [
        {
          "schema_version": 0,
          "attributes": {
            "address_prefixes": [
              "10.0.100.0/24"
            ],
            "delegation": [],
            "enforce_private_link_endpoint_network_policies": false,
            "enforce_private_link_service_network_policies": false,
            "id": "/subscriptions/ef0c35ea-c4de-4702-ab76-1ced2eaf81eb/resourceGroups/hr-dev-rg-default-apsvf/providers/Microsoft.Network/virtualNetworks/hr-dev-vnet-default/subnets/hr-dev-bastionsubnet",
            "name": "hr-dev-bastionsubnet",
            "private_endpoint_network_policies_enabled": true,
            "private_link_service_network_policies_enabled": true,
            "resource_group_name": "hr-dev-rg-default-apsvf",
            "service_endpoint_policy_ids": [],
            "service_endpoints": [],
            "timeouts": null,
            "virtual_network_name": "hr-dev-vnet-default"
          },
          "sensitive_attributes": [],
          "private": "eyJlMmJmYjczMC1lY2FhLTExZTYtOGY4OC0zNDM2M2JjN2M0YzAiOnsiY3JlYXRlIjoxODAwMDAwMDAwMDAwLCJkZWxldGUiOjE4MDAwMDAwMDAwMDAsInJlYWQiOjMwMDAwMDAwMDAwMCwidXBkYXRlIjoxODAwMDAwMDAwMDAwfX0=",
          "dependencies": [
            "azurerm_resource_group.rg",
            "azurerm_virtual_network.vnet",
            "random_string.myrandom"
          ]
        }
      ]
    },
    {
      "mode": "managed",
      "type": "azurerm_subnet",
      "name": "websubnet",
      "provider": "provider[\"registry.terraform.io/hashicorp/azurerm\"]",
      "instances": [
        {
          "schema_version": 0,
          "attributes": {
            "address_prefixes": [
              "10.0.1.0/24"
            ],
            "delegation": [],
            "enforce_private_link_endpoint_network_policies": false,
            "enforce_private_link_service_network_policies": false,
            "id": "/subscriptions/ef0c35ea-c4de-4702-ab76-1ced2eaf81eb/resourceGroups/hr-dev-rg-default-apsvf/providers/Microsoft.Network/virtualNetworks/hr-dev-vnet-default/subnets/hr-dev-websubnet",
            "name": "hr-dev-websubnet",
            "private_endpoint_network_policies_enabled": true,
            "private_link_service_network_policies_enabled": true,
            "resource_group_name": "hr-dev-rg-default-apsvf",
            "service_endpoint_policy_ids": [],
            "service_endpoints": [],
            "timeouts": null,
            "virtual_network_name": "hr-dev-vnet-default"
          },
          "sensitive_attributes": [],
          "private": "eyJlMmJmYjczMC1lY2FhLTExZTYtOGY4OC0zNDM2M2JjN2M0YzAiOnsiY3JlYXRlIjoxODAwMDAwMDAwMDAwLCJkZWxldGUiOjE4MDAwMDAwMDAwMDAsInJlYWQiOjMwMDAwMDAwMDAwMCwidXBkYXRlIjoxODAwMDAwMDAwMDAwfX0=",
          "dependencies": [
            "azurerm_resource_group.rg",
            "azurerm_virtual_network.vnet",
            "random_string.myrandom"
          ]
        }
      ]
    },
    {
      "mode": "managed",
      "type": "azurerm_subnet_network_security_group_association",
      "name": "bastion_subnet_nsg_associate",
      "provider": "provider[\"registry.terraform.io/hashicorp/azurerm\"]",
      "instances": [
        {
          "schema_version": 0,
          "attributes": {
            "id": "/subscriptions/ef0c35ea-c4de-4702-ab76-1ced2eaf81eb/resourceGroups/hr-dev-rg-default-apsvf/providers/Microsoft.Network/virtualNetworks/hr-dev-vnet-default/subnets/hr-dev-bastionsubnet",
            "network_security_group_id": "/subscriptions/ef0c35ea-c4de-4702-ab76-1ced2eaf81eb/resourceGroups/hr-dev-rg-default-apsvf/providers/Microsoft.Network/networkSecurityGroups/bastionsubnet-nsg",
            "subnet_id": "/subscriptions/ef0c35ea-c4de-4702-ab76-1ced2eaf81eb/resourceGroups/hr-dev-rg-default-apsvf/providers/Microsoft.Network/virtualNetworks/hr-dev-vnet-default/subnets/hr-dev-bastionsubnet",
            "timeouts": null
          },
          "sensitive_attributes": [],
          "private": "eyJlMmJmYjczMC1lY2FhLTExZTYtOGY4OC0zNDM2M2JjN2M0YzAiOnsiY3JlYXRlIjoxODAwMDAwMDAwMDAwLCJkZWxldGUiOjE4MDAwMDAwMDAwMDAsInJlYWQiOjMwMDAwMDAwMDAwMCwidXBkYXRlIjoxODAwMDAwMDAwMDAwfX0=",
          "dependencies": [
            "azurerm_network_security_group.bastion_subnet_nsg",
            "azurerm_network_security_rule.bastion_nsg_rule_inbound",
            "azurerm_resource_group.rg",
            "azurerm_subnet.bastionsubnet",
            "azurerm_virtual_network.vnet",
            "random_string.myrandom"
          ]
        }
      ]
    },
    {
      "mode": "managed",
      "type": "azurerm_subnet_network_security_group_association",
      "name": "web_subnet_nsg_associate",
      "provider": "provider[\"registry.terraform.io/hashicorp/azurerm\"]",
      "instances": [
        {
          "schema_version": 0,
          "attributes": {
            "id": "/subscriptions/ef0c35ea-c4de-4702-ab76-1ced2eaf81eb/resourceGroups/hr-dev-rg-default-apsvf/providers/Microsoft.Network/virtualNetworks/hr-dev-vnet-default/subnets/hr-dev-websubnet",
            "network_security_group_id": "/subscriptions/ef0c35ea-c4de-4702-ab76-1ced2eaf81eb/resourceGroups/hr-dev-rg-default-apsvf/providers/Microsoft.Network/networkSecurityGroups/websubnet-nsg",
            "subnet_id": "/subscriptions/ef0c35ea-c4de-4702-ab76-1ced2eaf81eb/resourceGroups/hr-dev-rg-default-apsvf/providers/Microsoft.Network/virtualNetworks/hr-dev-vnet-default/subnets/hr-dev-websubnet",
            "timeouts": null
          },
          "sensitive_attributes": [],
          "private": "eyJlMmJmYjczMC1lY2FhLTExZTYtOGY4OC0zNDM2M2JjN2M0YzAiOnsiY3JlYXRlIjoxODAwMDAwMDAwMDAwLCJkZWxldGUiOjE4MDAwMDAwMDAwMDAsInJlYWQiOjMwMDAwMDAwMDAwMCwidXBkYXRlIjoxODAwMDAwMDAwMDAwfX0=",
          "dependencies": [
            "azurerm_network_security_group.web_subnet_nsg",
            "azurerm_network_security_rule.web_nsg_rule_inbound",
            "azurerm_resource_group.rg",
            "azurerm_subnet.websubnet",
            "azurerm_virtual_network.vnet",
            "random_string.myrandom"
          ]
        }
      ]
    },
    {
      "mode": "managed",
      "type": "azurerm_virtual_network",
      "name": "vnet",
      "provider": "provider[\"registry.terraform.io/hashicorp/azurerm\"]",
      "instances": [
        {
          "schema_version": 0,
          "attributes": {
            "address_space": [
              "10.0.0.0/16"
            ],
            "bgp_community": "",
            "ddos_protection_plan": [],
            "dns_servers": [],
            "edge_zone": "",
            "flow_timeout_in_minutes": 0,
            "guid": "80152a21-a413-4182-ab08-bc9f3767a297",
            "id": "/subscriptions/ef0c35ea-c4de-4702-ab76-1ced2eaf81eb/resourceGroups/hr-dev-rg-default-apsvf/providers/Microsoft.Network/virtualNetworks/hr-dev-vnet-default",
            "location": "eastus",
            "name": "hr-dev-vnet-default",
            "resource_group_name": "hr-dev-rg-default-apsvf",
            "subnet": [
              {
                "address_prefix": "10.0.1.0/24",
                "id": "/subscriptions/ef0c35ea-c4de-4702-ab76-1ced2eaf81eb/resourceGroups/hr-dev-rg-default-apsvf/providers/Microsoft.Network/virtualNetworks/hr-dev-vnet-default/subnets/hr-dev-websubnet",
                "name": "hr-dev-websubnet",
                "security_group": "/subscriptions/ef0c35ea-c4de-4702-ab76-1ced2eaf81eb/resourceGroups/hr-dev-rg-default-apsvf/providers/Microsoft.Network/networkSecurityGroups/websubnet-nsg"
              },
              {
                "address_prefix": "10.0.100.0/24",
                "id": "/subscriptions/ef0c35ea-c4de-4702-ab76-1ced2eaf81eb/resourceGroups/hr-dev-rg-default-apsvf/providers/Microsoft.Network/virtualNetworks/hr-dev-vnet-default/subnets/hr-dev-bastionsubnet",
                "name": "hr-dev-bastionsubnet",
                "security_group": "/subscriptions/ef0c35ea-c4de-4702-ab76-1ced2eaf81eb/resourceGroups/hr-dev-rg-default-apsvf/providers/Microsoft.Network/networkSecurityGroups/bastionsubnet-nsg"
              }
            ],
            "tags": {
              "environment": "dev",
              "owners": "hr"
            },
            "timeouts": null
          },
          "sensitive_attributes": [],
          "private": "eyJlMmJmYjczMC1lY2FhLTExZTYtOGY4OC0zNDM2M2JjN2M0YzAiOnsiY3JlYXRlIjoxODAwMDAwMDAwMDAwLCJkZWxldGUiOjE4MDAwMDAwMDAwMDAsInJlYWQiOjMwMDAwMDAwMDAwMCwidXBkYXRlIjoxODAwMDAwMDAwMDAwfX0=",
          "dependencies": [
            "azurerm_resource_group.rg",
            "random_string.myrandom"
          ]
        }
      ]
    },
    {
      "mode": "managed",
      "type": "null_resource",
      "name": "null_connect_to_vm_from_bastion",
      "provider": "provider[\"registry.terraform.io/hashicorp/null\"]",
      "instances": [
        {
          "schema_version": 0,
          "attributes": {
            "id": "1341340501",
            "triggers": null
          },
          "sensitive_attributes": [],
          "dependencies": [
            "azurerm_linux_virtual_machine.bastion_host_linuxvm",
            "azurerm_linux_virtual_machine.example"
          ]
        }
      ]
    },
    {
      "mode": "managed",
      "type": "null_resource",
      "name": "null_copy_ssh_key_to_bastion",
      "provider": "provider[\"registry.terraform.io/hashicorp/null\"]",
      "instances": [
        {
          "schema_version": 0,
          "attributes": {
            "id": "1976464818",
            "triggers": null
          },
          "sensitive_attributes": [],
          "dependencies": [
            "azurerm_linux_virtual_machine.bastion_host_linuxvm",
            "azurerm_network_interface.bastion_linuxvm_nic",
            "azurerm_public_ip.bastion_host_public_ip",
            "azurerm_resource_group.rg",
            "azurerm_subnet.websubnet",
            "azurerm_virtual_network.vnet",
            "random_string.myrandom"
          ]
        }
      ]
    },
    {
      "mode": "managed",
      "type": "random_string",
      "name": "myrandom",
      "provider": "provider[\"registry.terraform.io/hashicorp/random\"]",
      "instances": [
        {
          "schema_version": 2,
          "attributes": {
            "id": "apsvf",
            "keepers": null,
            "length": 5,
            "lower": true,
            "min_lower": 0,
            "min_numeric": 0,
            "min_special": 0,
            "min_upper": 0,
            "number": false,
            "numeric": false,
            "override_special": null,
            "result": "apsvf",
            "special": false,
            "upper": false
          },
          "sensitive_attributes": []
        }
      ]
    }
  ],
  "check_results": null
}
